# This file is autogenerated, do not edit; changes may be undone by the next 'dep ensure'.


[[projects]]
  name = "github.com/golang/mock"
  packages = ["gomock"]
  revision = "9fa652df1129bef0e734c9cf9bf6dbae9ef3b9fa"
  version = "1.3.1"

[[projects]]
  name = "github.com/soniah/gosnmp"
  packages = ["."]
  revision = "40eae407a1f8cbbe3f3f14c57bde0b16db1cfe85"
  version = "v1.22.0"

[solve-meta]
  analyzer-name = "dep"
  analyzer-version = 1
  inputs-digest = "3a6c312347b027e59ee49a66de67542f0006d4265f65bab4b11e0817b30cfa82"
  solver-name = "gps-cdcl"
  solver-version = 1
